
Microsoft Visual Studio Solution File, Format Version 12.00
# Visual Studio Version 17
VisualStudioVersion = 17.7.34024.191
MinimumVisualStudioVersion = 10.0.40219.1
Project("{FAE04EC0-301F-11D3-BF4B-00C04F79EFBC}") = "BlazorApp1", "BlazorApp1.csproj", "{D863258F-50E0-4610-B4F7-ED23A35ED5A1}"
EndProject
Global
	GlobalSection(SolutionConfigurationPlatforms) = preSolution
		Debug|Any CPU = Debug|Any CPU
		Release|Any CPU = Release|Any CPU
	EndGlobalSection
	GlobalSection(ProjectConfigurationPlatforms) = postSolution
		{D863258F-50E0-4610-B4F7-ED23A35ED5A1}.Debug|Any CPU.ActiveCfg = Debug|Any CPU
		{D863258F-50E0-4610-B4F7-ED23A35ED5A1}.Debug|Any CPU.Build.0 = Debug|Any CPU
		{D863258F-50E0-4610-B4F7-ED23A35ED5A1}.Release|Any CPU.ActiveCfg = Release|Any CPU
		{D863258F-50E0-4610-B4F7-ED23A35ED5A1}.Release|Any CPU.Build.0 = Release|Any CPU
	EndGlobalSection
	GlobalSection(SolutionProperties) = preSolution
		HideSolutionNode = FALSE
	EndGlobalSection
	GlobalSection(ExtensibilityGlobals) = postSolution
		SolutionGuid = {6E556726-F871-4007-8952-602B88AC7523}
	EndGlobalSection
EndGlobal
